// !$*UTF8*$!
{
	archiveVersion = 1;
	classes = {
	};
	objectVersion = 55;
	objects = {

/* Begin PBXBuildFile section */
		1A4DE1A527C8EDC7006352AA /* MainViewControllerTableViewController.swift in Sources */ = {isa = PBXBuildFile; fileRef = 1A4DE1A427C8EDC7006352AA /* MainViewControllerTableViewController.swift */; };
		1A4DE1A927C8F4FD006352AA /* Localizable.strings in Resources */ = {isa = PBXBuildFile; fileRef = 1A4DE1A827C8F4FD006352AA /* Localizable.strings */; };

		1A4DE1E927C91E5F006352AA /* ArrayViewController.swift in Sources */ = {isa = PBXBuildFile; fileRef = 1A4DE1E827C91E5F006352AA /* ArrayViewController.swift */; };
		1A4DE1EB27C91E9D006352AA /* DictionaryViewController.swift in Sources */ = {isa = PBXBuildFile; fileRef = 1A4DE1EA27C91E9D006352AA /* DictionaryViewController.swift */; };
		1A4DE23227CA1727006352AA /* String+StringComparison.swift in Sources */ = {isa = PBXBuildFile; fileRef = 1A4DE21E27CA1727006352AA /* String+StringComparison.swift */; };
		1A4DE23327CA1727006352AA /* String+NSDataDetector.swift in Sources */ = {isa = PBXBuildFile; fileRef = 1A4DE21F27CA1727006352AA /* String+NSDataDetector.swift */; };
		1A4DE23427CA1727006352AA /* UITextField+Border.swift in Sources */ = {isa = PBXBuildFile; fileRef = 1A4DE22027CA1727006352AA /* UITextField+Border.swift */; };
		1A4DE23527CA1727006352AA /* UIView+NibLoading+Border.swift in Sources */ = {isa = PBXBuildFile; fileRef = 1A4DE22127CA1727006352AA /* UIView+NibLoading+Border.swift */; };
		1A4DE23627CA1727006352AA /* RegularExpression+Matches.swift in Sources */ = {isa = PBXBuildFile; fileRef = 1A4DE22227CA1727006352AA /* RegularExpression+Matches.swift */; };
		1A4DE23727CA1727006352AA /* UILabel+SafeText.swift in Sources */ = {isa = PBXBuildFile; fileRef = 1A4DE22327CA1727006352AA /* UILabel+SafeText.swift */; };
		1A4DE23827CA1727006352AA /* CustomPasswordValidation.swift in Sources */ = {isa = PBXBuildFile; fileRef = 1A4DE22527CA1727006352AA /* CustomPasswordValidation.swift */; };
		1A4DE23927CA1727006352AA /* Models.swift in Sources */ = {isa = PBXBuildFile; fileRef = 1A4DE22627CA1727006352AA /* Models.swift */; };
		1A4DE23A27CA1727006352AA /* SetTextFields.swift in Sources */ = {isa = PBXBuildFile; fileRef = 1A4DE22827CA1727006352AA /* SetTextFields.swift */; };
		1A4DE23B27CA1727006352AA /* TextField.xib in Resources */ = {isa = PBXBuildFile; fileRef = 1A4DE22927CA1727006352AA /* TextField.xib */; };
		1A4DE23D27CA1727006352AA /* Localization.swift in Sources */ = {isa = PBXBuildFile; fileRef = 1A4DE22F27CA1727006352AA /* Localization.swift */; };
		1A4DE24527CA4750006352AA /* CollectionsUnitTests.swift in Sources */ = {isa = PBXBuildFile; fileRef = 1A4DE24427CA4750006352AA /* CollectionsUnitTests.swift */; };
		1A4DE25227CA475B006352AA /* CollectionsUITests.swift in Sources */ = {isa = PBXBuildFile; fileRef = 1A4DE25127CA475B006352AA /* CollectionsUITests.swift */; };
		1A4DE25427CA475B006352AA /* CollectionsUITestsLaunchTests.swift in Sources */ = {isa = PBXBuildFile; fileRef = 1A4DE25327CA475B006352AA /* CollectionsUITestsLaunchTests.swift */; };
		1A4DE25D27CA494A006352AA /* SetVC+Accessibility.swift in Sources */ = {isa = PBXBuildFile; fileRef = 1A4DE25C27CA494A006352AA /* SetVC+Accessibility.swift */; };
		1A4DE25F27CA49ED006352AA /* IDElements.swift in Sources */ = {isa = PBXBuildFile; fileRef = 1A4DE25E27CA49ED006352AA /* IDElements.swift */; };

		1ADC81EA27C5161C009AB73C /* SetViewController.swift in Sources */ = {isa = PBXBuildFile; fileRef = 1ADC81E927C5161C009AB73C /* SetViewController.swift */; };
		1ADC81F427C51A25009AB73C /* CollectionModel.swift in Sources */ = {isa = PBXBuildFile; fileRef = 1ADC81F327C51A25009AB73C /* CollectionModel.swift */; };
/* End PBXBuildFile section */

/* Begin PBXContainerItemProxy section */
		1A4DE24627CA4750006352AA /* PBXContainerItemProxy */ = {
			isa = PBXContainerItemProxy;
			containerPortal = 1A78939827C5009800BB2679 /* Project object */;
			proxyType = 1;
			remoteGlobalIDString = 1A78939F27C5009800BB2679;
			remoteInfo = Collections;
		};
		1A4DE25527CA475B006352AA /* PBXContainerItemProxy */ = {
			isa = PBXContainerItemProxy;
			containerPortal = 1A78939827C5009800BB2679 /* Project object */;
			proxyType = 1;
			remoteGlobalIDString = 1A78939F27C5009800BB2679;
			remoteInfo = Collections;
		};
/* End PBXContainerItemProxy section */

/* Begin PBXFileReference section */
		1A4DE1A427C8EDC7006352AA /* MainViewControllerTableViewController.swift */ = {isa = PBXFileReference; lastKnownFileType = sourcecode.swift; path = MainViewControllerTableViewController.swift; sourceTree = "<group>"; };
		1A4DE1A827C8F4FD006352AA /* Localizable.strings */ = {isa = PBXFileReference; lastKnownFileType = text.plist.strings; path = Localizable.strings; sourceTree = "<group>"; };
		1A4DE1E827C91E5F006352AA /* ArrayViewController.swift */ = {isa = PBXFileReference; lastKnownFileType = sourcecode.swift; path = ArrayViewController.swift; sourceTree = "<group>"; };
		1A4DE1EA27C91E9D006352AA /* DictionaryViewController.swift */ = {isa = PBXFileReference; lastKnownFileType = sourcecode.swift; path = DictionaryViewController.swift; sourceTree = "<group>"; };
		1A4DE21E27CA1727006352AA /* String+StringComparison.swift */ = {isa = PBXFileReference; fileEncoding = 4; lastKnownFileType = sourcecode.swift; path = "String+StringComparison.swift"; sourceTree = "<group>"; };
		1A4DE21F27CA1727006352AA /* String+NSDataDetector.swift */ = {isa = PBXFileReference; fileEncoding = 4; lastKnownFileType = sourcecode.swift; path = "String+NSDataDetector.swift"; sourceTree = "<group>"; };
		1A4DE22027CA1727006352AA /* UITextField+Border.swift */ = {isa = PBXFileReference; fileEncoding = 4; lastKnownFileType = sourcecode.swift; path = "UITextField+Border.swift"; sourceTree = "<group>"; };
		1A4DE22127CA1727006352AA /* UIView+NibLoading+Border.swift */ = {isa = PBXFileReference; fileEncoding = 4; lastKnownFileType = sourcecode.swift; path = "UIView+NibLoading+Border.swift"; sourceTree = "<group>"; };
		1A4DE22227CA1727006352AA /* RegularExpression+Matches.swift */ = {isa = PBXFileReference; fileEncoding = 4; lastKnownFileType = sourcecode.swift; path = "RegularExpression+Matches.swift"; sourceTree = "<group>"; };
		1A4DE22327CA1727006352AA /* UILabel+SafeText.swift */ = {isa = PBXFileReference; fileEncoding = 4; lastKnownFileType = sourcecode.swift; path = "UILabel+SafeText.swift"; sourceTree = "<group>"; };
		1A4DE22527CA1727006352AA /* CustomPasswordValidation.swift */ = {isa = PBXFileReference; fileEncoding = 4; lastKnownFileType = sourcecode.swift; path = CustomPasswordValidation.swift; sourceTree = "<group>"; };
		1A4DE22627CA1727006352AA /* Models.swift */ = {isa = PBXFileReference; fileEncoding = 4; lastKnownFileType = sourcecode.swift; path = Models.swift; sourceTree = "<group>"; };
		1A4DE22827CA1727006352AA /* SetTextFields.swift */ = {isa = PBXFileReference; fileEncoding = 4; lastKnownFileType = sourcecode.swift; path = SetTextFields.swift; sourceTree = "<group>"; };
		1A4DE22927CA1727006352AA /* TextField.xib */ = {isa = PBXFileReference; fileEncoding = 4; lastKnownFileType = file.xib; path = TextField.xib; sourceTree = "<group>"; };
		1A4DE22F27CA1727006352AA /* Localization.swift */ = {isa = PBXFileReference; fileEncoding = 4; lastKnownFileType = sourcecode.swift; path = Localization.swift; sourceTree = "<group>"; };
		1A4DE24227CA4750006352AA /* CollectionsUnitTests.xctest */ = {isa = PBXFileReference; explicitFileType = wrapper.cfbundle; includeInIndex = 0; path = CollectionsUnitTests.xctest; sourceTree = BUILT_PRODUCTS_DIR; };
		1A4DE24427CA4750006352AA /* CollectionsUnitTests.swift */ = {isa = PBXFileReference; lastKnownFileType = sourcecode.swift; path = CollectionsUnitTests.swift; sourceTree = "<group>"; };
		1A4DE24F27CA475B006352AA /* CollectionsUITests.xctest */ = {isa = PBXFileReference; explicitFileType = wrapper.cfbundle; includeInIndex = 0; path = CollectionsUITests.xctest; sourceTree = BUILT_PRODUCTS_DIR; };
		1A4DE25127CA475B006352AA /* CollectionsUITests.swift */ = {isa = PBXFileReference; lastKnownFileType = sourcecode.swift; path = CollectionsUITests.swift; sourceTree = "<group>"; };
		1A4DE25327CA475B006352AA /* CollectionsUITestsLaunchTests.swift */ = {isa = PBXFileReference; lastKnownFileType = sourcecode.swift; path = CollectionsUITestsLaunchTests.swift; sourceTree = "<group>"; };
		1A4DE25C27CA494A006352AA /* SetVC+Accessibility.swift */ = {isa = PBXFileReference; lastKnownFileType = sourcecode.swift; path = "SetVC+Accessibility.swift"; sourceTree = "<group>"; };
		1A4DE25E27CA49ED006352AA /* IDElements.swift */ = {isa = PBXFileReference; lastKnownFileType = sourcecode.swift; path = IDElements.swift; sourceTree = "<group>"; };

		1ADC81E727C515F4009AB73C /* ArrayViewController.swift in Sources */ = {isa = PBXBuildFile; fileRef = 1ADC81E627C515F4009AB73C /* ArrayViewController.swift */; };
		1ADC81EA27C5161C009AB73C /* SetViewController.swift in Sources */ = {isa = PBXBuildFile; fileRef = 1ADC81E927C5161C009AB73C /* SetViewController.swift */; };
		1ADC81EC27C51639009AB73C /* DictionaryViewController.swift in Sources */ = {isa = PBXBuildFile; fileRef = 1ADC81EB27C51639009AB73C /* DictionaryViewController.swift */; };
		1ADC81F427C51A25009AB73C /* CollectionModel.swift in Sources */ = {isa = PBXBuildFile; fileRef = 1ADC81F327C51A25009AB73C /* CollectionModel.swift */; };
/* End PBXBuildFile section */

/* Begin PBXFileReference section */
		1A4DE1A427C8EDC7006352AA /* MainViewControllerTableViewController.swift */ = {isa = PBXFileReference; lastKnownFileType = sourcecode.swift; path = MainViewControllerTableViewController.swift; sourceTree = "<group>"; };
		1A4DE1A827C8F4FD006352AA /* Localizable.strings */ = {isa = PBXFileReference; lastKnownFileType = text.plist.strings; path = Localizable.strings; sourceTree = "<group>"; };

		1ADC81E927C5161C009AB73C /* SetViewController.swift */ = {isa = PBXFileReference; lastKnownFileType = sourcecode.swift; path = SetViewController.swift; sourceTree = "<group>"; };

		1ADC81E627C515F4009AB73C /* ArrayViewController.swift */ = {isa = PBXFileReference; lastKnownFileType = sourcecode.swift; path = ArrayViewController.swift; sourceTree = "<group>"; };
		1ADC81E927C5161C009AB73C /* SetViewController.swift */ = {isa = PBXFileReference; lastKnownFileType = sourcecode.swift; path = SetViewController.swift; sourceTree = "<group>"; };
		1ADC81EB27C51639009AB73C /* DictionaryViewController.swift */ = {isa = PBXFileReference; lastKnownFileType = sourcecode.swift; path = DictionaryViewController.swift; sourceTree = "<group>"; };

		1A4DE23F27CA4750006352AA /* Frameworks */ = {
			isa = PBXFrameworksBuildPhase;
			buildActionMask = 2147483647;
			files = (
			);
			runOnlyForDeploymentPostprocessing = 0;
		};
		1A4DE24C27CA475B006352AA /* Frameworks */ = {
			isa = PBXFrameworksBuildPhase;
			buildActionMask = 2147483647;
			files = (
			);
			runOnlyForDeploymentPostprocessing = 0;
		};

		1A4DE21C27CA1727006352AA /* Custom TextField */ = {
			isa = PBXGroup;
			children = (
				1A4DE21D27CA1727006352AA /* Extension */,
				1A4DE22427CA1727006352AA /* Models */,
				1A4DE22727CA1727006352AA /* Custom View */,
				1A4DE22A27CA1727006352AA /* Localization */,
			);
			path = "Custom TextField";
			sourceTree = "<group>";
		};
		1A4DE21D27CA1727006352AA /* Extension */ = {
			isa = PBXGroup;
			children = (
				1A4DE21E27CA1727006352AA /* String+StringComparison.swift */,
				1A4DE21F27CA1727006352AA /* String+NSDataDetector.swift */,
				1A4DE22027CA1727006352AA /* UITextField+Border.swift */,
				1A4DE22127CA1727006352AA /* UIView+NibLoading+Border.swift */,
				1A4DE22227CA1727006352AA /* RegularExpression+Matches.swift */,
				1A4DE22327CA1727006352AA /* UILabel+SafeText.swift */,
			);
			path = Extension;
			sourceTree = "<group>";
		};
		1A4DE22427CA1727006352AA /* Models */ = {
			isa = PBXGroup;
			children = (
				1A4DE22527CA1727006352AA /* CustomPasswordValidation.swift */,
				1A4DE22627CA1727006352AA /* Models.swift */,
			);
			path = Models;
			sourceTree = "<group>";
		};
		1A4DE22727CA1727006352AA /* Custom View */ = {
			isa = PBXGroup;
			children = (
				1A4DE22827CA1727006352AA /* SetTextFields.swift */,
				1A4DE22927CA1727006352AA /* TextField.xib */,

		1A78939727C5009800BB2679 = {
			isa = PBXGroup;
			children = (
				1A7893A227C5009800BB2679 /* Collections */,
				1A7893A127C5009800BB2679 /* Products */,
			);
			sourceTree = "<group>";
		};
		1A7893A127C5009800BB2679 /* Products */ = {
			isa = PBXGroup;
			children = (
				1A7893A027C5009800BB2679 /* Collections.app */,

		1A4DE22A27CA1727006352AA /* Localization */ = {
			isa = PBXGroup;
			children = (
				1A4DE22F27CA1727006352AA /* Localization.swift */,
		1A7893A227C5009800BB2679 /* Collections */ = {
			isa = PBXGroup;
			children = (
				1ADC81DB27C514FF009AB73C /* Models */,
				1ADC81CC27C50D2D009AB73C /* Views */,
				1ADC81CD27C50D41009AB73C /* Controllers */,
				1ADC81CB27C50CA6009AB73C /* Support */,

		1A4DE24327CA4750006352AA /* CollectionsUnitTests */ = {
			isa = PBXGroup;
			children = (
				1A4DE24427CA4750006352AA /* CollectionsUnitTests.swift */,
			);
			path = CollectionsUnitTests;
			sourceTree = "<group>";
		};
		1A4DE25027CA475B006352AA /* CollectionsUITests */ = {
			isa = PBXGroup;
			children = (
				1A4DE25127CA475B006352AA /* CollectionsUITests.swift */,
				1A4DE25327CA475B006352AA /* CollectionsUITestsLaunchTests.swift */,
				1A4DE25E27CA49ED006352AA /* IDElements.swift */,
			);
			path = CollectionsUITests;
			sourceTree = "<group>";
		};
		1A4DE25A27CA48EF006352AA /* Extensions */ = {
			isa = PBXGroup;
			children = (
				1A4DE25B27CA4910006352AA /* Accessibility */,

		1ADC81CB27C50CA6009AB73C /* Support */ = {
			isa = PBXGroup;
			children = (
				1A4DE1A827C8F4FD006352AA /* Localizable.strings */,
				1A7893A327C5009800BB2679 /* AppDelegate.swift */,
				1A7893A527C5009800BB2679 /* SceneDelegate.swift */,
				1A7893AC27C5009900BB2679 /* Assets.xcassets */,
				1ADC81CE27C51060009AB73C /* Info.plist */,
			);
			path = Support;
			sourceTree = "<group>";
		};
		1ADC81CC27C50D2D009AB73C /* Views */ = {
			isa = PBXGroup;
			children = (
				1ADC81D127C513AE009AB73C /* Storyboard */,

		1A4DE25B27CA4910006352AA /* Accessibility */ = {
			isa = PBXGroup;
			children = (
				1A4DE25C27CA494A006352AA /* SetVC+Accessibility.swift */,

		1ADC81CD27C50D41009AB73C /* Controllers */ = {
			isa = PBXGroup;
			children = (
				1A4DE1A427C8EDC7006352AA /* MainViewControllerTableViewController.swift */,
				1ADC81E627C515F4009AB73C /* ArrayViewController.swift */,
				1ADC81E927C5161C009AB73C /* SetViewController.swift */,
				1ADC81EB27C51639009AB73C /* DictionaryViewController.swift */,

		1A78939727C5009800BB2679 = {
			isa = PBXGroup;
			children = (
				1A7893A227C5009800BB2679 /* Collections */,
				1A4DE24327CA4750006352AA /* CollectionsUnitTests */,
				1A4DE25027CA475B006352AA /* CollectionsUITests */,
				1A7893A127C5009800BB2679 /* Products */,
			);
			sourceTree = "<group>";
		};
		1A7893A127C5009800BB2679 /* Products */ = {
			isa = PBXGroup;
			children = (
				1A7893A027C5009800BB2679 /* Collections.app */,
				1A4DE24227CA4750006352AA /* CollectionsUnitTests.xctest */,
				1A4DE24F27CA475B006352AA /* CollectionsUITests.xctest */,
			);
			name = Products;
			sourceTree = "<group>";
		};
		1A7893A227C5009800BB2679 /* Collections */ = {
			isa = PBXGroup;
			children = (
				1A4DE21C27CA1727006352AA /* Custom TextField */,
				1ADC81DB27C514FF009AB73C /* Models */,
				1ADC81CC27C50D2D009AB73C /* Views */,
				1ADC81CD27C50D41009AB73C /* Controllers */,
				1ADC81CB27C50CA6009AB73C /* Support */,
				1A4DE25A27CA48EF006352AA /* Extensions */,
			);
			path = Collections;
			sourceTree = "<group>";
		};
		1ADC81CB27C50CA6009AB73C /* Support */ = {
			isa = PBXGroup;
			children = (
				1A4DE1A827C8F4FD006352AA /* Localizable.strings */,
				1A7893A327C5009800BB2679 /* AppDelegate.swift */,
				1A7893A527C5009800BB2679 /* SceneDelegate.swift */,
				1A7893AC27C5009900BB2679 /* Assets.xcassets */,
				1ADC81CE27C51060009AB73C /* Info.plist */,
			);
			path = Support;
			sourceTree = "<group>";
		};
		1ADC81CC27C50D2D009AB73C /* Views */ = {
			isa = PBXGroup;
			children = (
				1ADC81D127C513AE009AB73C /* Storyboard */,
			);
			path = Views;
			sourceTree = "<group>";
		};
		1ADC81CD27C50D41009AB73C /* Controllers */ = {
			isa = PBXGroup;
			children = (
				1A4DE1A427C8EDC7006352AA /* MainViewControllerTableViewController.swift */,
				1A4DE1E827C91E5F006352AA /* ArrayViewController.swift */,
				1ADC81E927C5161C009AB73C /* SetViewController.swift */,
				1A4DE1EA27C91E9D006352AA /* DictionaryViewController.swift */,
			);
			path = Controllers;
			sourceTree = "<group>";
		};
		1ADC81D127C513AE009AB73C /* Storyboard */ = {
			isa = PBXGroup;
			children = (
				1A7893AE27C5009900BB2679 /* LaunchScreen.storyboard */,
				1A7893A927C5009800BB2679 /* Main.storyboard */,
			);
			path = Storyboard;
			sourceTree = "<group>";
		};
		1ADC81DB27C514FF009AB73C /* Models */ = {
			isa = PBXGroup;
			children = (
				1ADC81F327C51A25009AB73C /* CollectionModel.swift */,
			);

		1ADC81D127C513AE009AB73C /* Storyboard */ = {
			isa = PBXGroup;
			children = (
				1A7893AE27C5009900BB2679 /* LaunchScreen.storyboard */,
				1A7893A927C5009800BB2679 /* Main.storyboard */,
			);
			path = Storyboard;
			sourceTree = "<group>";
		};
		1ADC81DB27C514FF009AB73C /* Models */ = {
			isa = PBXGroup;
			children = (
				1ADC81F327C51A25009AB73C /* CollectionModel.swift */,
			);

		1A4DE24127CA4750006352AA /* CollectionsUnitTests */ = {
			isa = PBXNativeTarget;
			buildConfigurationList = 1A4DE24827CA4750006352AA /* Build configuration list for PBXNativeTarget "CollectionsUnitTests" */;
			buildPhases = (
				1A4DE23E27CA4750006352AA /* Sources */,
				1A4DE23F27CA4750006352AA /* Frameworks */,
				1A4DE24027CA4750006352AA /* Resources */,

		1A78939F27C5009800BB2679 /* Collections */ = {
			isa = PBXNativeTarget;
			buildConfigurationList = 1A7893B427C5009900BB2679 /* Build configuration list for PBXNativeTarget "Collections" */;
			buildPhases = (
				1A78939C27C5009800BB2679 /* Sources */,
				1A78939D27C5009800BB2679 /* Frameworks */,
				1A78939E27C5009800BB2679 /* Resources */,
				1ADC81D027C512A6009AB73C /* Swift Lint */,

			name = CollectionsUnitTests;
			productName = CollectionsUnitTests;
			productReference = 1A4DE24227CA4750006352AA /* CollectionsUnitTests.xctest */;
			productType = "com.apple.product-type.bundle.unit-test";
		};
		1A4DE24E27CA475B006352AA /* CollectionsUITests */ = {
			isa = PBXNativeTarget;
			buildConfigurationList = 1A4DE25727CA475B006352AA /* Build configuration list for PBXNativeTarget "CollectionsUITests" */;
			buildPhases = (
				1A4DE24B27CA475B006352AA /* Sources */,
				1A4DE24C27CA475B006352AA /* Frameworks */,
				1A4DE24D27CA475B006352AA /* Resources */,
			);
			buildRules = (
			);
			dependencies = (
				1A4DE25627CA475B006352AA /* PBXTargetDependency */,
			);
			name = CollectionsUITests;
			productName = CollectionsUITests;
			productReference = 1A4DE24F27CA475B006352AA /* CollectionsUITests.xctest */;
			productType = "com.apple.product-type.bundle.ui-testing";
		};
		1A78939F27C5009800BB2679 /* Collections */ = {
			isa = PBXNativeTarget;
			buildConfigurationList = 1A7893B427C5009900BB2679 /* Build configuration list for PBXNativeTarget "Collections" */;
			buildPhases = (
				1A78939C27C5009800BB2679 /* Sources */,
				1A78939D27C5009800BB2679 /* Frameworks */,
				1A78939E27C5009800BB2679 /* Resources */,
				1ADC81D027C512A6009AB73C /* Swift Lint */,
			);
			buildRules = (
			);
			dependencies = (
			);
			name = Collections;
			productName = Collections;
			productReference = 1A7893A027C5009800BB2679 /* Collections.app */;
			productType = "com.apple.product-type.application";
		};

			name = Collections;
			productName = Collections;
			productReference = 1A7893A027C5009800BB2679 /* Collections.app */;
			productType = "com.apple.product-type.application";
		};

					1A4DE24127CA4750006352AA = {
						CreatedOnToolsVersion = 13.2;
						TestTargetID = 1A78939F27C5009800BB2679;
					};
					1A4DE24E27CA475B006352AA = {
						CreatedOnToolsVersion = 13.2;
						TestTargetID = 1A78939F27C5009800BB2679;
					};

				1A4DE24127CA4750006352AA /* CollectionsUnitTests */,
				1A4DE24E27CA475B006352AA /* CollectionsUITests */,

		1A4DE24027CA4750006352AA /* Resources */ = {
			isa = PBXResourcesBuildPhase;
			buildActionMask = 2147483647;
			files = (
			);
			runOnlyForDeploymentPostprocessing = 0;
		};
		1A4DE24D27CA475B006352AA /* Resources */ = {
			isa = PBXResourcesBuildPhase;
			buildActionMask = 2147483647;
			files = (
			);
			runOnlyForDeploymentPostprocessing = 0;
		};

				1A4DE23B27CA1727006352AA /* TextField.xib in Resources */,

		1A4DE23E27CA4750006352AA /* Sources */ = {
			isa = PBXSourcesBuildPhase;
			buildActionMask = 2147483647;
			files = (
				1A4DE24527CA4750006352AA /* CollectionsUnitTests.swift in Sources */,
			);
			runOnlyForDeploymentPostprocessing = 0;
		};
		1A4DE24B27CA475B006352AA /* Sources */ = {
			isa = PBXSourcesBuildPhase;
			buildActionMask = 2147483647;
			files = (
				1A4DE25427CA475B006352AA /* CollectionsUITestsLaunchTests.swift in Sources */,
				1A4DE25F27CA49ED006352AA /* IDElements.swift in Sources */,
				1A4DE25227CA475B006352AA /* CollectionsUITests.swift in Sources */,
			);
			runOnlyForDeploymentPostprocessing = 0;
		};
		1A78939C27C5009800BB2679 /* Sources */ = {
			isa = PBXSourcesBuildPhase;
			buildActionMask = 2147483647;
			files = (
				1A4DE23827CA1727006352AA /* CustomPasswordValidation.swift in Sources */,
				1A4DE23D27CA1727006352AA /* Localization.swift in Sources */,
				1A7893A427C5009800BB2679 /* AppDelegate.swift in Sources */,
				1A4DE23527CA1727006352AA /* UIView+NibLoading+Border.swift in Sources */,
				1A4DE23427CA1727006352AA /* UITextField+Border.swift in Sources */,
				1A4DE1E927C91E5F006352AA /* ArrayViewController.swift in Sources */,
				1A4DE23727CA1727006352AA /* UILabel+SafeText.swift in Sources */,
				1A4DE23A27CA1727006352AA /* SetTextFields.swift in Sources */,
				1A4DE23327CA1727006352AA /* String+NSDataDetector.swift in Sources */,
				1ADC81F427C51A25009AB73C /* CollectionModel.swift in Sources */,
				1A4DE25D27CA494A006352AA /* SetVC+Accessibility.swift in Sources */,
				1ADC81EA27C5161C009AB73C /* SetViewController.swift in Sources */,
				1A4DE23927CA1727006352AA /* Models.swift in Sources */,
				1A4DE23227CA1727006352AA /* String+StringComparison.swift in Sources */,
				1A4DE23627CA1727006352AA /* RegularExpression+Matches.swift in Sources */,
				1A7893A627C5009800BB2679 /* SceneDelegate.swift in Sources */,
				1A4DE1EB27C91E9D006352AA /* DictionaryViewController.swift in Sources */,

		1A78939C27C5009800BB2679 /* Sources */ = {
			isa = PBXSourcesBuildPhase;
			buildActionMask = 2147483647;
			files = (
				1A7893A427C5009800BB2679 /* AppDelegate.swift in Sources */,
				1ADC81EC27C51639009AB73C /* DictionaryViewController.swift in Sources */,
				1ADC81E727C515F4009AB73C /* ArrayViewController.swift in Sources */,
				1ADC81F427C51A25009AB73C /* CollectionModel.swift in Sources */,
				1ADC81EA27C5161C009AB73C /* SetViewController.swift in Sources */,
				1A7893A627C5009800BB2679 /* SceneDelegate.swift in Sources */,

/* Begin PBXTargetDependency section */
		1A4DE24727CA4750006352AA /* PBXTargetDependency */ = {
			isa = PBXTargetDependency;
			target = 1A78939F27C5009800BB2679 /* Collections */;
			targetProxy = 1A4DE24627CA4750006352AA /* PBXContainerItemProxy */;
		};
		1A4DE25627CA475B006352AA /* PBXTargetDependency */ = {
			isa = PBXTargetDependency;
			target = 1A78939F27C5009800BB2679 /* Collections */;
			targetProxy = 1A4DE25527CA475B006352AA /* PBXContainerItemProxy */;
		};
/* End PBXTargetDependency section */

		1A4DE24927CA4750006352AA /* Debug */ = {
			isa = XCBuildConfiguration;
			buildSettings = {
				BUNDLE_LOADER = "$(TEST_HOST)";
				CODE_SIGN_STYLE = Automatic;
				CURRENT_PROJECT_VERSION = 1;
				DEVELOPMENT_TEAM = 2TFP9B86SX;
				GENERATE_INFOPLIST_FILE = YES;
				IPHONEOS_DEPLOYMENT_TARGET = 15.2;
				MARKETING_VERSION = 1.0;
				PRODUCT_BUNDLE_IDENTIFIER = Inan.CollectionsUnitTests;
				PRODUCT_NAME = "$(TARGET_NAME)";
				SWIFT_EMIT_LOC_STRINGS = NO;
				SWIFT_VERSION = 5.0;
				TARGETED_DEVICE_FAMILY = "1,2";
				TEST_HOST = "$(BUILT_PRODUCTS_DIR)/Collections.app/Collections";
			};
			name = Debug;
		};
		1A4DE24A27CA4750006352AA /* Release */ = {
			isa = XCBuildConfiguration;
			buildSettings = {
				BUNDLE_LOADER = "$(TEST_HOST)";
				CODE_SIGN_STYLE = Automatic;
				CURRENT_PROJECT_VERSION = 1;
				DEVELOPMENT_TEAM = 2TFP9B86SX;
				GENERATE_INFOPLIST_FILE = YES;
				IPHONEOS_DEPLOYMENT_TARGET = 15.2;
				MARKETING_VERSION = 1.0;
				PRODUCT_BUNDLE_IDENTIFIER = Inan.CollectionsUnitTests;
				PRODUCT_NAME = "$(TARGET_NAME)";
				SWIFT_EMIT_LOC_STRINGS = NO;
				SWIFT_VERSION = 5.0;
				TARGETED_DEVICE_FAMILY = "1,2";
				TEST_HOST = "$(BUILT_PRODUCTS_DIR)/Collections.app/Collections";
			};
			name = Release;
		};
		1A4DE25827CA475B006352AA /* Debug */ = {
			isa = XCBuildConfiguration;
			buildSettings = {
				CODE_SIGN_STYLE = Automatic;
				CURRENT_PROJECT_VERSION = 1;
				DEVELOPMENT_TEAM = 2TFP9B86SX;
				GENERATE_INFOPLIST_FILE = YES;
				IPHONEOS_DEPLOYMENT_TARGET = 15.2;
				MARKETING_VERSION = 1.0;
				PRODUCT_BUNDLE_IDENTIFIER = Inan.CollectionsUITests;
				PRODUCT_NAME = "$(TARGET_NAME)";
				SWIFT_EMIT_LOC_STRINGS = NO;
				SWIFT_VERSION = 5.0;
				TARGETED_DEVICE_FAMILY = "1,2";
				TEST_TARGET_NAME = Collections;
			};
			name = Debug;
		};
		1A4DE25927CA475B006352AA /* Release */ = {
			isa = XCBuildConfiguration;
			buildSettings = {
				CODE_SIGN_STYLE = Automatic;
				CURRENT_PROJECT_VERSION = 1;
				DEVELOPMENT_TEAM = 2TFP9B86SX;
				GENERATE_INFOPLIST_FILE = YES;
				IPHONEOS_DEPLOYMENT_TARGET = 15.2;
				MARKETING_VERSION = 1.0;
				PRODUCT_BUNDLE_IDENTIFIER = Inan.CollectionsUITests;
				PRODUCT_NAME = "$(TARGET_NAME)";
				SWIFT_EMIT_LOC_STRINGS = NO;
				SWIFT_VERSION = 5.0;
				TARGETED_DEVICE_FAMILY = "1,2";
				TEST_TARGET_NAME = Collections;
			};
			name = Release;
		};

		1A4DE24827CA4750006352AA /* Build configuration list for PBXNativeTarget "CollectionsUnitTests" */ = {
			isa = XCConfigurationList;
			buildConfigurations = (
				1A4DE24927CA4750006352AA /* Debug */,
				1A4DE24A27CA4750006352AA /* Release */,
			);
			defaultConfigurationIsVisible = 0;
			defaultConfigurationName = Release;
		};
		1A4DE25727CA475B006352AA /* Build configuration list for PBXNativeTarget "CollectionsUITests" */ = {
			isa = XCConfigurationList;
			buildConfigurations = (
				1A4DE25827CA475B006352AA /* Debug */,
				1A4DE25927CA475B006352AA /* Release */,
			);
			defaultConfigurationIsVisible = 0;
			defaultConfigurationName = Release;
		};
